
Microsoft Visual Studio Solution File, Format Version 12.00
# Visual Studio Version 17
VisualStudioVersion = 17.2.32516.85
MinimumVisualStudioVersion = 10.0.40219.1
Project("{FAE04EC0-301F-11D3-BF4B-00C04F79EFBC}") = "FillYourBackpack", "FillYourBackpack.csproj", "{DE336920-6324-4075-8197-1BD98A9F6DB3}"
EndProject
Project("{2150E333-8FDC-42A3-9474-1A3956D46DE8}") = "Solution Items", "Solution Items", "{01D93EDB-F7AC-40B4-B439-0EAB27EA3753}"
	ProjectSection(SolutionItems) = preProject
		Item.cs = Item.cs
	EndProjectSection
EndProject
Global
	GlobalSection(SolutionConfigurationPlatforms) = preSolution
		Debug|Any CPU = Debug|Any CPU
		Release|Any CPU = Release|Any CPU
	EndGlobalSection
	GlobalSection(ProjectConfigurationPlatforms) = postSolution
		{DE336920-6324-4075-8197-1BD98A9F6DB3}.Debug|Any CPU.ActiveCfg = Debug|Any CPU
		{DE336920-6324-4075-8197-1BD98A9F6DB3}.Debug|Any CPU.Build.0 = Debug|Any CPU
		{DE336920-6324-4075-8197-1BD98A9F6DB3}.Release|Any CPU.ActiveCfg = Release|Any CPU
		{DE336920-6324-4075-8197-1BD98A9F6DB3}.Release|Any CPU.Build.0 = Release|Any CPU
	EndGlobalSection
	GlobalSection(SolutionProperties) = preSolution
		HideSolutionNode = FALSE
	EndGlobalSection
	GlobalSection(ExtensibilityGlobals) = postSolution
		SolutionGuid = {DE52B1BE-AE2B-4CF2-BA23-A54D6E139A26}
	EndGlobalSection
EndGlobal
